
Microsoft Visual Studio Solution File, Format Version 12.00
# Visual Studio Version 17
VisualStudioVersion = 17.14.36202.13
MinimumVisualStudioVersion = 10.0.40219.1
Project("{FAE04EC0-301F-11D3-BF4B-00C04F79EFBC}") = "TattooEShopService", "TatttooEShopService\TattooEShopService.csproj", "{A1898881-9E48-4AE3-9CE6-9026E4542550}"
EndProject
Project("{FAE04EC0-301F-11D3-BF4B-00C04F79EFBC}") = "TattooEShopApplication", "TattooEShopApplication\TattooEShopApplication.csproj", "{C30563BE-E4EC-4D0F-99F4-516773532139}"
EndProject
Project("{FAE04EC0-301F-11D3-BF4B-00C04F79EFBC}") = "TattooEShopDomain", "TattooEShopDomain\TattooEShopDomain.csproj", "{271A8D15-06FD-4E7D-8467-6CE32F0BC640}"
EndProject
Project("{E53339B2-1760-4266-BCC7-CA923CBCF16C}") = "docker-compose", "docker-compose.dcproj", "{81DDED9D-158B-E303-5F62-77A2896D2A5A}"
EndProject
Project("{2150E333-8FDC-42A3-9474-1A3956D46DE8}") = "TattooEShop", "TattooEShop", "{02EA681E-C7D8-13C7-8484-4AC65E1B71E8}"
EndProject
Project("{2150E333-8FDC-42A3-9474-1A3956D46DE8}") = "User", "User", "{E85DD169-5563-4A3E-A051-13CAC3FC34EA}"
EndProject
Project("{FAE04EC0-301F-11D3-BF4B-00C04F79EFBC}") = "UserService", "UserService\UserService.csproj", "{245DCEE1-1A0A-419D-A25C-0534081A3CF9}"
EndProject
Project("{FAE04EC0-301F-11D3-BF4B-00C04F79EFBC}") = "UserDomain", "UserDomain\UserDomain.csproj", "{E8355815-1E43-40DC-BF2A-228EC3785561}"
EndProject
Project("{FAE04EC0-301F-11D3-BF4B-00C04F79EFBC}") = "UserApplication", "UserApplication\UserApplication.csproj", "{CF958727-F6E7-4598-9559-E0E791607083}"
EndProject
Project("{2150E333-8FDC-42A3-9474-1A3956D46DE8}") = "data", "data", "{717B8F28-2609-4B8D-84E8-2407B7E660D2}"
	ProjectSection(SolutionItems) = preProject
		data\private.key = data\private.key
		data\public.key = data\public.key
	EndProjectSection
EndProject
Project("{2150E333-8FDC-42A3-9474-1A3956D46DE8}") = "Notification", "Notification", "{F4E89297-EEF4-4958-8779-83FEB9BC788A}"
EndProject
Project("{FAE04EC0-301F-11D3-BF4B-00C04F79EFBC}") = "NotificationService", "NotificationService\NotificationService.csproj", "{763EBCC7-EE25-4F26-8DCF-EAAD738758AD}"
EndProject
Project("{2150E333-8FDC-42A3-9474-1A3956D46DE8}") = "ShoppingCart", "ShoppingCart", "{1BA2FA03-7B0A-4C04-9EC5-6DFD9605E4C9}"
EndProject
Project("{FAE04EC0-301F-11D3-BF4B-00C04F79EFBC}") = "ShoppingCartDomain", "ShoppingCartDomain\ShoppingCartDomain.csproj", "{259A39F1-173B-440B-A08C-46BF6C58C807}"
EndProject
Project("{FAE04EC0-301F-11D3-BF4B-00C04F79EFBC}") = "ShoppingCartInfrastructure", "ShoppingCartInfrastructure\ShoppingCartInfrastructure.csproj", "{879BB03D-0161-4CCA-86EB-DB002AEA4272}"
EndProject
Project("{FAE04EC0-301F-11D3-BF4B-00C04F79EFBC}") = "ShoppingCartApplication", "ShoppingCartApplication\ShoppingCartApplication.csproj", "{C51A6A15-E228-4DE7-A845-EEF124EEAF38}"
EndProject
Project("{FAE04EC0-301F-11D3-BF4B-00C04F79EFBC}") = "ShoppingCartService", "ShoppingCartService\ShoppingCartService.csproj", "{40942864-7DB9-4791-98E9-5869BE04A25E}"
EndProject
Project("{2150E333-8FDC-42A3-9474-1A3956D46DE8}") = "Tests", "Tests", "{B3500AD6-07D6-4B4C-A83E-3A4136D6C3DC}"
EndProject
Project("{FAE04EC0-301F-11D3-BF4B-00C04F79EFBC}") = "TattooEShopService.Tests", "TattooEShopService.Tests\TattooEShopService.Tests.csproj", "{0F441189-1C11-42F9-BD23-E84C5DA028D4}"
EndProject
Project("{FAE04EC0-301F-11D3-BF4B-00C04F79EFBC}") = "TattooEShopIntegrationTests", "TattooEShopIntegrationTests\TattooEShopIntegrationTests.csproj", "{75F3DD60-613F-4A4C-885B-09C1FB7A09C2}"
EndProject
Global
	GlobalSection(SolutionConfigurationPlatforms) = preSolution
		Debug|Any CPU = Debug|Any CPU
		Release|Any CPU = Release|Any CPU
	EndGlobalSection
	GlobalSection(ProjectConfigurationPlatforms) = postSolution
		{A1898881-9E48-4AE3-9CE6-9026E4542550}.Debug|Any CPU.ActiveCfg = Debug|Any CPU
		{A1898881-9E48-4AE3-9CE6-9026E4542550}.Debug|Any CPU.Build.0 = Debug|Any CPU
		{A1898881-9E48-4AE3-9CE6-9026E4542550}.Release|Any CPU.ActiveCfg = Release|Any CPU
		{A1898881-9E48-4AE3-9CE6-9026E4542550}.Release|Any CPU.Build.0 = Release|Any CPU
		{C30563BE-E4EC-4D0F-99F4-516773532139}.Debug|Any CPU.ActiveCfg = Debug|Any CPU
		{C30563BE-E4EC-4D0F-99F4-516773532139}.Debug|Any CPU.Build.0 = Debug|Any CPU
		{C30563BE-E4EC-4D0F-99F4-516773532139}.Release|Any CPU.ActiveCfg = Release|Any CPU
		{C30563BE-E4EC-4D0F-99F4-516773532139}.Release|Any CPU.Build.0 = Release|Any CPU
		{271A8D15-06FD-4E7D-8467-6CE32F0BC640}.Debug|Any CPU.ActiveCfg = Debug|Any CPU
		{271A8D15-06FD-4E7D-8467-6CE32F0BC640}.Debug|Any CPU.Build.0 = Debug|Any CPU
		{271A8D15-06FD-4E7D-8467-6CE32F0BC640}.Release|Any CPU.ActiveCfg = Release|Any CPU
		{271A8D15-06FD-4E7D-8467-6CE32F0BC640}.Release|Any CPU.Build.0 = Release|Any CPU
		{81DDED9D-158B-E303-5F62-77A2896D2A5A}.Debug|Any CPU.ActiveCfg = Debug|Any CPU
		{81DDED9D-158B-E303-5F62-77A2896D2A5A}.Debug|Any CPU.Build.0 = Debug|Any CPU
		{81DDED9D-158B-E303-5F62-77A2896D2A5A}.Release|Any CPU.ActiveCfg = Release|Any CPU
		{81DDED9D-158B-E303-5F62-77A2896D2A5A}.Release|Any CPU.Build.0 = Release|Any CPU
		{245DCEE1-1A0A-419D-A25C-0534081A3CF9}.Debug|Any CPU.ActiveCfg = Debug|Any CPU
		{245DCEE1-1A0A-419D-A25C-0534081A3CF9}.Debug|Any CPU.Build.0 = Debug|Any CPU
		{245DCEE1-1A0A-419D-A25C-0534081A3CF9}.Release|Any CPU.ActiveCfg = Release|Any CPU
		{245DCEE1-1A0A-419D-A25C-0534081A3CF9}.Release|Any CPU.Build.0 = Release|Any CPU
		{E8355815-1E43-40DC-BF2A-228EC3785561}.Debug|Any CPU.ActiveCfg = Debug|Any CPU
		{E8355815-1E43-40DC-BF2A-228EC3785561}.Debug|Any CPU.Build.0 = Debug|Any CPU
		{E8355815-1E43-40DC-BF2A-228EC3785561}.Release|Any CPU.ActiveCfg = Release|Any CPU
		{E8355815-1E43-40DC-BF2A-228EC3785561}.Release|Any CPU.Build.0 = Release|Any CPU
		{CF958727-F6E7-4598-9559-E0E791607083}.Debug|Any CPU.ActiveCfg = Debug|Any CPU
		{CF958727-F6E7-4598-9559-E0E791607083}.Debug|Any CPU.Build.0 = Debug|Any CPU
		{CF958727-F6E7-4598-9559-E0E791607083}.Release|Any CPU.ActiveCfg = Release|Any CPU
		{CF958727-F6E7-4598-9559-E0E791607083}.Release|Any CPU.Build.0 = Release|Any CPU
		{763EBCC7-EE25-4F26-8DCF-EAAD738758AD}.Debug|Any CPU.ActiveCfg = Debug|Any CPU
		{763EBCC7-EE25-4F26-8DCF-EAAD738758AD}.Debug|Any CPU.Build.0 = Debug|Any CPU
		{763EBCC7-EE25-4F26-8DCF-EAAD738758AD}.Release|Any CPU.ActiveCfg = Release|Any CPU
		{763EBCC7-EE25-4F26-8DCF-EAAD738758AD}.Release|Any CPU.Build.0 = Release|Any CPU
		{259A39F1-173B-440B-A08C-46BF6C58C807}.Debug|Any CPU.ActiveCfg = Debug|Any CPU
		{259A39F1-173B-440B-A08C-46BF6C58C807}.Debug|Any CPU.Build.0 = Debug|Any CPU
		{259A39F1-173B-440B-A08C-46BF6C58C807}.Release|Any CPU.ActiveCfg = Release|Any CPU
		{259A39F1-173B-440B-A08C-46BF6C58C807}.Release|Any CPU.Build.0 = Release|Any CPU
		{879BB03D-0161-4CCA-86EB-DB002AEA4272}.Debug|Any CPU.ActiveCfg = Debug|Any CPU
		{879BB03D-0161-4CCA-86EB-DB002AEA4272}.Debug|Any CPU.Build.0 = Debug|Any CPU
		{879BB03D-0161-4CCA-86EB-DB002AEA4272}.Release|Any CPU.ActiveCfg = Release|Any CPU
		{879BB03D-0161-4CCA-86EB-DB002AEA4272}.Release|Any CPU.Build.0 = Release|Any CPU
		{C51A6A15-E228-4DE7-A845-EEF124EEAF38}.Debug|Any CPU.ActiveCfg = Debug|Any CPU
		{C51A6A15-E228-4DE7-A845-EEF124EEAF38}.Debug|Any CPU.Build.0 = Debug|Any CPU
		{C51A6A15-E228-4DE7-A845-EEF124EEAF38}.Release|Any CPU.ActiveCfg = Release|Any CPU
		{C51A6A15-E228-4DE7-A845-EEF124EEAF38}.Release|Any CPU.Build.0 = Release|Any CPU
		{40942864-7DB9-4791-98E9-5869BE04A25E}.Debug|Any CPU.ActiveCfg = Debug|Any CPU
		{40942864-7DB9-4791-98E9-5869BE04A25E}.Debug|Any CPU.Build.0 = Debug|Any CPU
		{40942864-7DB9-4791-98E9-5869BE04A25E}.Release|Any CPU.ActiveCfg = Release|Any CPU
		{40942864-7DB9-4791-98E9-5869BE04A25E}.Release|Any CPU.Build.0 = Release|Any CPU
		{0F441189-1C11-42F9-BD23-E84C5DA028D4}.Debug|Any CPU.ActiveCfg = Debug|Any CPU
		{0F441189-1C11-42F9-BD23-E84C5DA028D4}.Debug|Any CPU.Build.0 = Debug|Any CPU
		{0F441189-1C11-42F9-BD23-E84C5DA028D4}.Release|Any CPU.ActiveCfg = Release|Any CPU
		{0F441189-1C11-42F9-BD23-E84C5DA028D4}.Release|Any CPU.Build.0 = Release|Any CPU
		{75F3DD60-613F-4A4C-885B-09C1FB7A09C2}.Debug|Any CPU.ActiveCfg = Debug|Any CPU
		{75F3DD60-613F-4A4C-885B-09C1FB7A09C2}.Debug|Any CPU.Build.0 = Debug|Any CPU
		{75F3DD60-613F-4A4C-885B-09C1FB7A09C2}.Release|Any CPU.ActiveCfg = Release|Any CPU
		{75F3DD60-613F-4A4C-885B-09C1FB7A09C2}.Release|Any CPU.Build.0 = Release|Any CPU
	EndGlobalSection
	GlobalSection(SolutionProperties) = preSolution
		HideSolutionNode = FALSE
	EndGlobalSection
	GlobalSection(NestedProjects) = preSolution
		{A1898881-9E48-4AE3-9CE6-9026E4542550} = {02EA681E-C7D8-13C7-8484-4AC65E1B71E8}
		{C30563BE-E4EC-4D0F-99F4-516773532139} = {02EA681E-C7D8-13C7-8484-4AC65E1B71E8}
		{271A8D15-06FD-4E7D-8467-6CE32F0BC640} = {02EA681E-C7D8-13C7-8484-4AC65E1B71E8}
		{245DCEE1-1A0A-419D-A25C-0534081A3CF9} = {E85DD169-5563-4A3E-A051-13CAC3FC34EA}
		{E8355815-1E43-40DC-BF2A-228EC3785561} = {E85DD169-5563-4A3E-A051-13CAC3FC34EA}
		{CF958727-F6E7-4598-9559-E0E791607083} = {E85DD169-5563-4A3E-A051-13CAC3FC34EA}
		{763EBCC7-EE25-4F26-8DCF-EAAD738758AD} = {F4E89297-EEF4-4958-8779-83FEB9BC788A}
		{259A39F1-173B-440B-A08C-46BF6C58C807} = {1BA2FA03-7B0A-4C04-9EC5-6DFD9605E4C9}
		{879BB03D-0161-4CCA-86EB-DB002AEA4272} = {1BA2FA03-7B0A-4C04-9EC5-6DFD9605E4C9}
		{C51A6A15-E228-4DE7-A845-EEF124EEAF38} = {1BA2FA03-7B0A-4C04-9EC5-6DFD9605E4C9}
		{40942864-7DB9-4791-98E9-5869BE04A25E} = {1BA2FA03-7B0A-4C04-9EC5-6DFD9605E4C9}
		{0F441189-1C11-42F9-BD23-E84C5DA028D4} = {B3500AD6-07D6-4B4C-A83E-3A4136D6C3DC}
		{75F3DD60-613F-4A4C-885B-09C1FB7A09C2} = {B3500AD6-07D6-4B4C-A83E-3A4136D6C3DC}
	EndGlobalSection
	GlobalSection(ExtensibilityGlobals) = postSolution
		SolutionGuid = {83D609C7-F284-4FF6-8096-D9C6C77DA26C}
	EndGlobalSection
EndGlobal
